{
  "name": "lec8",
  "version": "1.0.0",
  "lockfileVersion": 2,
  "requires": true,
  "packages": {
    "": {
      "name": "lec8",
      "version": "1.0.0",
      "license": "ISC",
      "dependencies": {
        "movie-name": "^1.0.0",
        "random-fruits-name": "^1.9.7"
      }
    },
    "node_modules/movie-name": {
      "version": "1.0.0",
      "resolved": "https://registry.npmjs.org/movie-name/-/movie-name-1.0.0.tgz",
      "integrity": "sha512-W56CE+zXFbAlsO5egdfmmMvaEfl0logm2RcXtQ+3kvFE8eki4n73iJLlExFnRmP1hyVaMkxF3FWPpHwuGDiaDw==",
      "bin": {
        "movie-name": "cli.js"
      }
    },
    "node_modules/random-fruits-name": {
      "version": "1.9.7",
      "resolved": "https://registry.npmjs.org/random-fruits-name/-/random-fruits-name-1.9.7.tgz",
      "integrity": "sha512-IU7p3dL1jQUXftvh4mVgb7HuoxstVDfWHWjVdr2A/uZ/jGSt4QhPyfJ6eaNnQiIdhBLt3krjTEA/37U8e6S1ng=="
    }
  },
  "dependencies": {
    "movie-name": {
      "version": "1.0.0",
      "resolved": "https://registry.npmjs.org/movie-name/-/movie-name-1.0.0.tgz",
      "integrity": "sha512-W56CE+zXFbAlsO5egdfmmMvaEfl0logm2RcXtQ+3kvFE8eki4n73iJLlExFnRmP1hyVaMkxF3FWPpHwuGDiaDw=="
    },
    "random-fruits-name": {
      "version": "1.9.7",
      "resolved": "https://registry.npmjs.org/random-fruits-name/-/random-fruits-name-1.9.7.tgz",
      "integrity": "sha512-IU7p3dL1jQUXftvh4mVgb7HuoxstVDfWHWjVdr2A/uZ/jGSt4QhPyfJ6eaNnQiIdhBLt3krjTEA/37U8e6S1ng=="
    }
  }
}
